// !$*UTF8*$!
{
	archiveVersion = 1;
	classes = {
	};
	objectVersion = 56;
	objects = {

/* Begin PBXBuildFile section */
		F7055B0729F800A80027FF07 /* RoutinesViewController.swift in Sources */ = {isa = PBXBuildFile; fileRef = F7055B0629F800A80027FF07 /* RoutinesViewController.swift */; };
		F70CC4F52A0C3DF70081528D /* SelectStepCell.swift in Sources */ = {isa = PBXBuildFile; fileRef = F70CC4F32A0C3DF70081528D /* SelectStepCell.swift */; };
		F70CC4F62A0C3DF70081528D /* SelectStepCell.xib in Resources */ = {isa = PBXBuildFile; fileRef = F70CC4F42A0C3DF70081528D /* SelectStepCell.xib */; };
		F70CC4F82A0C413F0081528D /* SelectStepViewController.swift in Sources */ = {isa = PBXBuildFile; fileRef = F70CC4F72A0C413F0081528D /* SelectStepViewController.swift */; };
		F724C6CB29E085DC0095EA5F /* ProductCell.swift in Sources */ = {isa = PBXBuildFile; fileRef = F724C6C929E085DC0095EA5F /* ProductCell.swift */; };
		F724C6CC29E085DC0095EA5F /* ProductCell.xib in Resources */ = {isa = PBXBuildFile; fileRef = F724C6CA29E085DC0095EA5F /* ProductCell.xib */; };
		F724C6CE29E1B1D20095EA5F /* ProfileViewController.swift in Sources */ = {isa = PBXBuildFile; fileRef = F724C6CD29E1B1D20095EA5F /* ProfileViewController.swift */; };
		F7328AB82A17DB5500C306EE /* StepProductCell.swift in Sources */ = {isa = PBXBuildFile; fileRef = F7328AB62A17DB5500C306EE /* StepProductCell.swift */; };
		F7328AB92A17DB5500C306EE /* StepProductCell.xib in Resources */ = {isa = PBXBuildFile; fileRef = F7328AB72A17DB5500C306EE /* StepProductCell.xib */; };
		F7328ABC2A17DC0900C306EE /* StepProductViewController.swift in Sources */ = {isa = PBXBuildFile; fileRef = F7328ABB2A17DC0900C306EE /* StepProductViewController.swift */; };
		F733294F29EB1C6200B66829 /* PageTitleCell.swift in Sources */ = {isa = PBXBuildFile; fileRef = F733294D29EB1C6200B66829 /* PageTitleCell.swift */; };
		F733295029EB1C6200B66829 /* PageTitleCell.xib in Resources */ = {isa = PBXBuildFile; fileRef = F733294E29EB1C6200B66829 /* PageTitleCell.xib */; };
		F734698229E06EFA00360618 /* SearchPageViewController.swift in Sources */ = {isa = PBXBuildFile; fileRef = F734698129E06EFA00360618 /* SearchPageViewController.swift */; };
		F734698429E07BC100360618 /* ShelfPageViewController.swift in Sources */ = {isa = PBXBuildFile; fileRef = F734698329E07BC100360618 /* ShelfPageViewController.swift */; };
		F73B65C029E883CF001893FD /* ConfirmCodeViewController.swift in Sources */ = {isa = PBXBuildFile; fileRef = F73B65BF29E883CF001893FD /* ConfirmCodeViewController.swift */; };
		F754C2B229FED4E600D6ABA7 /* Kingfisher in Frameworks */ = {isa = PBXBuildFile; productRef = F754C2B129FED4E600D6ABA7 /* Kingfisher */; };
		F77BB65029E0347E00427FAC /* AppDelegate.swift in Sources */ = {isa = PBXBuildFile; fileRef = F77BB64F29E0347E00427FAC /* AppDelegate.swift */; };
		F77BB65229E0347E00427FAC /* SceneDelegate.swift in Sources */ = {isa = PBXBuildFile; fileRef = F77BB65129E0347E00427FAC /* SceneDelegate.swift */; };
		F77BB65429E0347E00427FAC /* ViewController.swift in Sources */ = {isa = PBXBuildFile; fileRef = F77BB65329E0347E00427FAC /* ViewController.swift */; };
		F77BB65729E0347E00427FAC /* Main.storyboard in Resources */ = {isa = PBXBuildFile; fileRef = F77BB65529E0347E00427FAC /* Main.storyboard */; };
		F77BB65929E0347F00427FAC /* Assets.xcassets in Resources */ = {isa = PBXBuildFile; fileRef = F77BB65829E0347F00427FAC /* Assets.xcassets */; };
		F77BB65C29E0347F00427FAC /* LaunchScreen.storyboard in Resources */ = {isa = PBXBuildFile; fileRef = F77BB65A29E0347F00427FAC /* LaunchScreen.storyboard */; };
		F77BB66729E034F600427FAC /* SignInViewController.swift in Sources */ = {isa = PBXBuildFile; fileRef = F77BB66629E034F600427FAC /* SignInViewController.swift */; };
		F77BB66929E03EEA00427FAC /* SignUpViewController.swift in Sources */ = {isa = PBXBuildFile; fileRef = F77BB66829E03EEA00427FAC /* SignUpViewController.swift */; };
		F77BB66E29E045E600427FAC /* VerifyEmailViewController.swift in Sources */ = {isa = PBXBuildFile; fileRef = F77BB66D29E045E600427FAC /* VerifyEmailViewController.swift */; };
		F77BB67029E0473B00427FAC /* ForgotPasswordViewController.swift in Sources */ = {isa = PBXBuildFile; fileRef = F77BB66F29E0473B00427FAC /* ForgotPasswordViewController.swift */; };
		F7A92E9029FF03980062D153 /* ProductViewController.swift in Sources */ = {isa = PBXBuildFile; fileRef = F7A92E8F29FF03980062D153 /* ProductViewController.swift */; };
		F7AEBE6E29E4919C001101C9 /* Alamofire in Frameworks */ = {isa = PBXBuildFile; productRef = F7AEBE6D29E4919C001101C9 /* Alamofire */; };
		F7B2D4D32A09450D00419A74 /* AddCommentResponse.swift in Sources */ = {isa = PBXBuildFile; fileRef = F7B2D4D22A09450D00419A74 /* AddCommentResponse.swift */; };
		F7B94AD32A0D05450021641D /* ReviewListResponse.swift in Sources */ = {isa = PBXBuildFile; fileRef = F7B94AD22A0D05450021641D /* ReviewListResponse.swift */; };
		F7BD20DB29FDCAD5002C4F12 /* UserResponse.swift in Sources */ = {isa = PBXBuildFile; fileRef = F7BD20DA29FDCAD5002C4F12 /* UserResponse.swift */; };
		F7C3624D29E994330066E40D /* NewPasswordViewController.swift in Sources */ = {isa = PBXBuildFile; fileRef = F7C3624C29E994330066E40D /* NewPasswordViewController.swift */; };
		F7C8CD7B2A07C94000A8575D /* ReviewsCell.swift in Sources */ = {isa = PBXBuildFile; fileRef = F7C8CD792A07C94000A8575D /* ReviewsCell.swift */; };
		F7C8CD7C2A07C94000A8575D /* ReviewsCell.xib in Resources */ = {isa = PBXBuildFile; fileRef = F7C8CD7A2A07C94000A8575D /* ReviewsCell.xib */; };
		F7C8CD802A0800C600A8575D /* CommentCell.swift in Sources */ = {isa = PBXBuildFile; fileRef = F7C8CD7E2A0800C600A8575D /* CommentCell.swift */; };
		F7C8CD812A0800C600A8575D /* CommentCell.xib in Resources */ = {isa = PBXBuildFile; fileRef = F7C8CD7F2A0800C600A8575D /* CommentCell.xib */; };
		F7C8CD832A08048D00A8575D /* UserCommentsViewController.swift in Sources */ = {isa = PBXBuildFile; fileRef = F7C8CD822A08048D00A8575D /* UserCommentsViewController.swift */; };
		F7C8CD852A082AE900A8575D /* AddCommentViewController.swift in Sources */ = {isa = PBXBuildFile; fileRef = F7C8CD842A082AE900A8575D /* AddCommentViewController.swift */; };
		F7C8E20A2A1A5397007BBA60 /* UserProfileViewController.swift in Sources */ = {isa = PBXBuildFile; fileRef = F7C8E2092A1A5397007BBA60 /* UserProfileViewController.swift */; };
		F7C8E20F2A1A593A007BBA60 /* ProfileSectionsCell.swift in Sources */ = {isa = PBXBuildFile; fileRef = F7C8E20D2A1A593A007BBA60 /* ProfileSectionsCell.swift */; };
		F7C8E2102A1A593A007BBA60 /* ProfileSectionsCell.xib in Resources */ = {isa = PBXBuildFile; fileRef = F7C8E20E2A1A593A007BBA60 /* ProfileSectionsCell.xib */; };
		F7CF17A12A01206900AE7C46 /* UserDetailResponse.swift in Sources */ = {isa = PBXBuildFile; fileRef = F7CF17A02A01206900AE7C46 /* UserDetailResponse.swift */; };
		F7CF17A32A0308C900AE7C46 /* ProductDetailResponse.swift in Sources */ = {isa = PBXBuildFile; fileRef = F7CF17A22A0308C900AE7C46 /* ProductDetailResponse.swift */; };
		F7D5045A29E9D71000019429 /* FSCalendar in Frameworks */ = {isa = PBXBuildFile; productRef = F7D5045929E9D71000019429 /* FSCalendar */; };
		F7DC1ABB29E2E3790065D724 /* ProfileProductCell.swift in Sources */ = {isa = PBXBuildFile; fileRef = F7DC1AB929E2E3790065D724 /* ProfileProductCell.swift */; };
		F7DC1ABC29E2E3790065D724 /* ProfileProductCell.xib in Resources */ = {isa = PBXBuildFile; fileRef = F7DC1ABA29E2E3790065D724 /* ProfileProductCell.xib */; };
		F7DC1ABE29E421650065D724 /* EditProfileViewController.swift in Sources */ = {isa = PBXBuildFile; fileRef = F7DC1ABD29E421650065D724 /* EditProfileViewController.swift */; };
		F7DC1AC029E455910065D724 /* DailyRoutineViewController.swift in Sources */ = {isa = PBXBuildFile; fileRef = F7DC1ABF29E455910065D724 /* DailyRoutineViewController.swift */; };
		F7E0EBEE2A0A71D400A7B04A /* RoutineStepCell.swift in Sources */ = {isa = PBXBuildFile; fileRef = F7E0EBEC2A0A71D400A7B04A /* RoutineStepCell.swift */; };
		F7E0EBEF2A0A71D400A7B04A /* RoutineStepCell.xib in Resources */ = {isa = PBXBuildFile; fileRef = F7E0EBED2A0A71D400A7B04A /* RoutineStepCell.xib */; };
		F7E4B7B12A03D3EA00749299 /* NetworkService.swift in Sources */ = {isa = PBXBuildFile; fileRef = F7E4B7B02A03D3EA00749299 /* NetworkService.swift */; };
		F7E4B7B42A046B5A00749299 /* GlobalDataManager.swift in Sources */ = {isa = PBXBuildFile; fileRef = F7E4B7B32A046B5A00749299 /* GlobalDataManager.swift */; };
/* End PBXBuildFile section */

/* Begin PBXFileReference section */
		F7055B0629F800A80027FF07 /* RoutinesViewController.swift */ = {isa = PBXFileReference; lastKnownFileType = sourcecode.swift; path = RoutinesViewController.swift; sourceTree = "<group>"; };
		F70CC4F32A0C3DF70081528D /* SelectStepCell.swift */ = {isa = PBXFileReference; lastKnownFileType = sourcecode.swift; path = SelectStepCell.swift; sourceTree = "<group>"; };
		F70CC4F42A0C3DF70081528D /* SelectStepCell.xib */ = {isa = PBXFileReference; lastKnownFileType = file.xib; path = SelectStepCell.xib; sourceTree = "<group>"; };
		F70CC4F72A0C413F0081528D /* SelectStepViewController.swift */ = {isa = PBXFileReference; lastKnownFileType = sourcecode.swift; path = SelectStepViewController.swift; sourceTree = "<group>"; };
		F724C6C929E085DC0095EA5F /* ProductCell.swift */ = {isa = PBXFileReference; lastKnownFileType = sourcecode.swift; path = ProductCell.swift; sourceTree = "<group>"; };
		F724C6CA29E085DC0095EA5F /* ProductCell.xib */ = {isa = PBXFileReference; lastKnownFileType = file.xib; path = ProductCell.xib; sourceTree = "<group>"; };
		F724C6CD29E1B1D20095EA5F /* ProfileViewController.swift */ = {isa = PBXFileReference; lastKnownFileType = sourcecode.swift; path = ProfileViewController.swift; sourceTree = "<group>"; };
		F7328AB62A17DB5500C306EE /* StepProductCell.swift */ = {isa = PBXFileReference; lastKnownFileType = sourcecode.swift; path = StepProductCell.swift; sourceTree = "<group>"; };
		F7328AB72A17DB5500C306EE /* StepProductCell.xib */ = {isa = PBXFileReference; lastKnownFileType = file.xib; path = StepProductCell.xib; sourceTree = "<group>"; };
		F7328ABB2A17DC0900C306EE /* StepProductViewController.swift */ = {isa = PBXFileReference; lastKnownFileType = sourcecode.swift; path = StepProductViewController.swift; sourceTree = "<group>"; };
		F733294D29EB1C6200B66829 /* PageTitleCell.swift */ = {isa = PBXFileReference; lastKnownFileType = sourcecode.swift; path = PageTitleCell.swift; sourceTree = "<group>"; };
		F733294E29EB1C6200B66829 /* PageTitleCell.xib */ = {isa = PBXFileReference; lastKnownFileType = file.xib; path = PageTitleCell.xib; sourceTree = "<group>"; };
		F734698129E06EFA00360618 /* SearchPageViewController.swift */ = {isa = PBXFileReference; lastKnownFileType = sourcecode.swift; path = SearchPageViewController.swift; sourceTree = "<group>"; };
		F734698329E07BC100360618 /* ShelfPageViewController.swift */ = {isa = PBXFileReference; lastKnownFileType = sourcecode.swift; path = ShelfPageViewController.swift; sourceTree = "<group>"; };
		F73B65BF29E883CF001893FD /* ConfirmCodeViewController.swift */ = {isa = PBXFileReference; lastKnownFileType = sourcecode.swift; path = ConfirmCodeViewController.swift; sourceTree = "<group>"; };
		F77BB64C29E0347E00427FAC /* Lunaris.app */ = {isa = PBXFileReference; explicitFileType = wrapper.application; includeInIndex = 0; path = Lunaris.app; sourceTree = BUILT_PRODUCTS_DIR; };
		F77BB64F29E0347E00427FAC /* AppDelegate.swift */ = {isa = PBXFileReference; lastKnownFileType = sourcecode.swift; path = AppDelegate.swift; sourceTree = "<group>"; };
		F77BB65129E0347E00427FAC /* SceneDelegate.swift */ = {isa = PBXFileReference; lastKnownFileType = sourcecode.swift; path = SceneDelegate.swift; sourceTree = "<group>"; };
		F77BB65329E0347E00427FAC /* ViewController.swift */ = {isa = PBXFileReference; lastKnownFileType = sourcecode.swift; path = ViewController.swift; sourceTree = "<group>"; };
		F77BB65629E0347E00427FAC /* Base */ = {isa = PBXFileReference; lastKnownFileType = file.storyboard; name = Base; path = Base.lproj/Main.storyboard; sourceTree = "<group>"; };
		F77BB65829E0347F00427FAC /* Assets.xcassets */ = {isa = PBXFileReference; lastKnownFileType = folder.assetcatalog; path = Assets.xcassets; sourceTree = "<group>"; };
		F77BB65B29E0347F00427FAC /* Base */ = {isa = PBXFileReference; lastKnownFileType = file.storyboard; name = Base; path = Base.lproj/LaunchScreen.storyboard; sourceTree = "<group>"; };
		F77BB65D29E0347F00427FAC /* Info.plist */ = {isa = PBXFileReference; lastKnownFileType = text.plist.xml; path = Info.plist; sourceTree = "<group>"; };
		F77BB66629E034F600427FAC /* SignInViewController.swift */ = {isa = PBXFileReference; lastKnownFileType = sourcecode.swift; path = SignInViewController.swift; sourceTree = "<group>"; };
		F77BB66829E03EEA00427FAC /* SignUpViewController.swift */ = {isa = PBXFileReference; lastKnownFileType = sourcecode.swift; path = SignUpViewController.swift; sourceTree = "<group>"; };
		F77BB66D29E045E600427FAC /* VerifyEmailViewController.swift */ = {isa = PBXFileReference; lastKnownFileType = sourcecode.swift; path = VerifyEmailViewController.swift; sourceTree = "<group>"; };
		F77BB66F29E0473B00427FAC /* ForgotPasswordViewController.swift */ = {isa = PBXFileReference; lastKnownFileType = sourcecode.swift; path = ForgotPasswordViewController.swift; sourceTree = "<group>"; };
		F7A92E8F29FF03980062D153 /* ProductViewController.swift */ = {isa = PBXFileReference; lastKnownFileType = sourcecode.swift; path = ProductViewController.swift; sourceTree = "<group>"; };
		F7B2D4D22A09450D00419A74 /* AddCommentResponse.swift */ = {isa = PBXFileReference; lastKnownFileType = sourcecode.swift; path = AddCommentResponse.swift; sourceTree = "<group>"; };
		F7B94AD22A0D05450021641D /* ReviewListResponse.swift */ = {isa = PBXFileReference; lastKnownFileType = sourcecode.swift; path = ReviewListResponse.swift; sourceTree = "<group>"; };
		F7BD20DA29FDCAD5002C4F12 /* UserResponse.swift */ = {isa = PBXFileReference; lastKnownFileType = sourcecode.swift; path = UserResponse.swift; sourceTree = "<group>"; };
		F7C3624C29E994330066E40D /* NewPasswordViewController.swift */ = {isa = PBXFileReference; lastKnownFileType = sourcecode.swift; path = NewPasswordViewController.swift; sourceTree = "<group>"; };
		F7C8CD792A07C94000A8575D /* ReviewsCell.swift */ = {isa = PBXFileReference; lastKnownFileType = sourcecode.swift; path = ReviewsCell.swift; sourceTree = "<group>"; };
		F7C8CD7A2A07C94000A8575D /* ReviewsCell.xib */ = {isa = PBXFileReference; lastKnownFileType = file.xib; path = ReviewsCell.xib; sourceTree = "<group>"; };
		F7C8CD7E2A0800C600A8575D /* CommentCell.swift */ = {isa = PBXFileReference; lastKnownFileType = sourcecode.swift; path = CommentCell.swift; sourceTree = "<group>"; };
		F7C8CD7F2A0800C600A8575D /* CommentCell.xib */ = {isa = PBXFileReference; lastKnownFileType = file.xib; path = CommentCell.xib; sourceTree = "<group>"; };
		F7C8CD822A08048D00A8575D /* UserCommentsViewController.swift */ = {isa = PBXFileReference; lastKnownFileType = sourcecode.swift; path = UserCommentsViewController.swift; sourceTree = "<group>"; };
		F7C8CD842A082AE900A8575D /* AddCommentViewController.swift */ = {isa = PBXFileReference; lastKnownFileType = sourcecode.swift; path = AddCommentViewController.swift; sourceTree = "<group>"; };
		F7C8E2092A1A5397007BBA60 /* UserProfileViewController.swift */ = {isa = PBXFileReference; lastKnownFileType = sourcecode.swift; path = UserProfileViewController.swift; sourceTree = "<group>"; };
		F7C8E20D2A1A593A007BBA60 /* ProfileSectionsCell.swift */ = {isa = PBXFileReference; lastKnownFileType = sourcecode.swift; path = ProfileSectionsCell.swift; sourceTree = "<group>"; };
		F7C8E20E2A1A593A007BBA60 /* ProfileSectionsCell.xib */ = {isa = PBXFileReference; lastKnownFileType = file.xib; path = ProfileSectionsCell.xib; sourceTree = "<group>"; };
		F7CF17A02A01206900AE7C46 /* UserDetailResponse.swift */ = {isa = PBXFileReference; lastKnownFileType = sourcecode.swift; path = UserDetailResponse.swift; sourceTree = "<group>"; };
		F7CF17A22A0308C900AE7C46 /* ProductDetailResponse.swift */ = {isa = PBXFileReference; lastKnownFileType = sourcecode.swift; path = ProductDetailResponse.swift; sourceTree = "<group>"; };
		F7DC1AB929E2E3790065D724 /* ProfileProductCell.swift */ = {isa = PBXFileReference; lastKnownFileType = sourcecode.swift; path = ProfileProductCell.swift; sourceTree = "<group>"; };
		F7DC1ABA29E2E3790065D724 /* ProfileProductCell.xib */ = {isa = PBXFileReference; lastKnownFileType = file.xib; path = ProfileProductCell.xib; sourceTree = "<group>"; };
		F7DC1ABD29E421650065D724 /* EditProfileViewController.swift */ = {isa = PBXFileReference; lastKnownFileType = sourcecode.swift; path = EditProfileViewController.swift; sourceTree = "<group>"; };
		F7DC1ABF29E455910065D724 /* DailyRoutineViewController.swift */ = {isa = PBXFileReference; lastKnownFileType = sourcecode.swift; path = DailyRoutineViewController.swift; sourceTree = "<group>"; };
		F7E0EBEC2A0A71D400A7B04A /* RoutineStepCell.swift */ = {isa = PBXFileReference; lastKnownFileType = sourcecode.swift; path = RoutineStepCell.swift; sourceTree = "<group>"; };
		F7E0EBED2A0A71D400A7B04A /* RoutineStepCell.xib */ = {isa = PBXFileReference; lastKnownFileType = file.xib; path = RoutineStepCell.xib; sourceTree = "<group>"; };
		F7E4B7B02A03D3EA00749299 /* NetworkService.swift */ = {isa = PBXFileReference; lastKnownFileType = sourcecode.swift; path = NetworkService.swift; sourceTree = "<group>"; };
		F7E4B7B32A046B5A00749299 /* GlobalDataManager.swift */ = {isa = PBXFileReference; lastKnownFileType = sourcecode.swift; path = GlobalDataManager.swift; sourceTree = "<group>"; };
/* End PBXFileReference section */

/* Begin PBXFrameworksBuildPhase section */
		F77BB64929E0347E00427FAC /* Frameworks */ = {
			isa = PBXFrameworksBuildPhase;
			buildActionMask = 2147483647;
			files = (
				F754C2B229FED4E600D6ABA7 /* Kingfisher in Frameworks */,
				F7AEBE6E29E4919C001101C9 /* Alamofire in Frameworks */,
				F7D5045A29E9D71000019429 /* FSCalendar in Frameworks */,
			);
			runOnlyForDeploymentPostprocessing = 0;
		};
/* End PBXFrameworksBuildPhase section */

/* Begin PBXGroup section */
		F70CC4F22A0C3D9C0081528D /* SelectStepCell */ = {
			isa = PBXGroup;
			children = (
				F70CC4F32A0C3DF70081528D /* SelectStepCell.swift */,
				F70CC4F42A0C3DF70081528D /* SelectStepCell.xib */,
			);
			path = SelectStepCell;
			sourceTree = "<group>";
		};
		F724C6C829E085C60095EA5F /* ProductCell */ = {
			isa = PBXGroup;
			children = (
				F724C6C929E085DC0095EA5F /* ProductCell.swift */,
				F724C6CA29E085DC0095EA5F /* ProductCell.xib */,
			);
			path = ProductCell;
			sourceTree = "<group>";
		};
		F7328AB52A17DB3A00C306EE /* StepProductCell */ = {
			isa = PBXGroup;
			children = (
				F7328AB62A17DB5500C306EE /* StepProductCell.swift */,
				F7328AB72A17DB5500C306EE /* StepProductCell.xib */,
			);
			path = StepProductCell;
			sourceTree = "<group>";
		};
		F733294C29EB1C1000B66829 /* PageTitleCell */ = {
			isa = PBXGroup;
			children = (
				F733294D29EB1C6200B66829 /* PageTitleCell.swift */,
				F733294E29EB1C6200B66829 /* PageTitleCell.xib */,
			);
			path = PageTitleCell;
			sourceTree = "<group>";
		};
		F77BB64329E0347E00427FAC = {
			isa = PBXGroup;
			children = (
				F77BB64E29E0347E00427FAC /* Lunaris */,
				F77BB64D29E0347E00427FAC /* Products */,
			);
			sourceTree = "<group>";
		};
		F77BB64D29E0347E00427FAC /* Products */ = {
			isa = PBXGroup;
			children = (
				F77BB64C29E0347E00427FAC /* Lunaris.app */,
			);
			name = Products;
			sourceTree = "<group>";
		};
		F77BB64E29E0347E00427FAC /* Lunaris */ = {
			isa = PBXGroup;
			children = (
				F7E4B7B22A046B4C00749299 /* Manager */,
				F77BB66329E034B400427FAC /* Model */,
				F77BB66429E034BB00427FAC /* View */,
				F77BB66529E034D100427FAC /* Controller */,
				F7E4B7AF2A03D3D600749299 /* Network */,
				F77BB64F29E0347E00427FAC /* AppDelegate.swift */,
				F77BB65129E0347E00427FAC /* SceneDelegate.swift */,
				F77BB65329E0347E00427FAC /* ViewController.swift */,
				F77BB65529E0347E00427FAC /* Main.storyboard */,
				F77BB65829E0347F00427FAC /* Assets.xcassets */,
				F77BB65A29E0347F00427FAC /* LaunchScreen.storyboard */,
				F77BB65D29E0347F00427FAC /* Info.plist */,
			);
			path = Lunaris;
			sourceTree = "<group>";
		};
		F77BB66329E034B400427FAC /* Model */ = {
			isa = PBXGroup;
			children = (
				F7BD20DA29FDCAD5002C4F12 /* UserResponse.swift */,
				F7CF17A02A01206900AE7C46 /* UserDetailResponse.swift */,
				F7CF17A22A0308C900AE7C46 /* ProductDetailResponse.swift */,
				F7B2D4D22A09450D00419A74 /* AddCommentResponse.swift */,
				F7B94AD22A0D05450021641D /* ReviewListResponse.swift */,
			);
			path = Model;
			sourceTree = "<group>";
		};
		F77BB66429E034BB00427FAC /* View */ = {
			isa = PBXGroup;
			children = (
				F7C8E20B2A1A5912007BBA60 /* ProfileSectionsCell */,
				F7328AB52A17DB3A00C306EE /* StepProductCell */,
				F7E0EBEB2A0A71C000A7B04A /* RoutineStepCell */,
				F7C8CD7D2A0800AB00A8575D /* CommentCell */,
				F733294C29EB1C1000B66829 /* PageTitleCell */,
				F7DC1AB829E2E35C0065D724 /* ProfileProductCell */,
				F724C6C829E085C60095EA5F /* ProductCell */,
				F70CC4F22A0C3D9C0081528D /* SelectStepCell */,
				F7C8CD702A07C0E200A8575D /* ReviewsCell */,
			);
			path = View;
			sourceTree = "<group>";
		};
		F77BB66529E034D100427FAC /* Controller */ = {
			isa = PBXGroup;
			children = (
				F7C8CD862A082AF500A8575D /* User Authentication */,
				F734698329E07BC100360618 /* ShelfPageViewController.swift */,
				F734698129E06EFA00360618 /* SearchPageViewController.swift */,
				F7A92E8F29FF03980062D153 /* ProductViewController.swift */,
				F7C8CD822A08048D00A8575D /* UserCommentsViewController.swift */,
				F7C8CD842A082AE900A8575D /* AddCommentViewController.swift */,
				F724C6CD29E1B1D20095EA5F /* ProfileViewController.swift */,
				F7C8E2092A1A5397007BBA60 /* UserProfileViewController.swift */,
				F7DC1ABD29E421650065D724 /* EditProfileViewController.swift */,
				F7DC1ABF29E455910065D724 /* DailyRoutineViewController.swift */,
				F7055B0629F800A80027FF07 /* RoutinesViewController.swift */,
				F70CC4F72A0C413F0081528D /* SelectStepViewController.swift */,
				F7328ABB2A17DC0900C306EE /* StepProductViewController.swift */,
			);
			path = Controller;
			sourceTree = "<group>";
		};
		F7C8CD702A07C0E200A8575D /* ReviewsCell */ = {
			isa = PBXGroup;
			children = (
				F7C8CD792A07C94000A8575D /* ReviewsCell.swift */,
				F7C8CD7A2A07C94000A8575D /* ReviewsCell.xib */,
			);
			path = ReviewsCell;
			sourceTree = "<group>";
		};
		F7C8CD7D2A0800AB00A8575D /* CommentCell */ = {
			isa = PBXGroup;
			children = (
				F7C8CD7E2A0800C600A8575D /* CommentCell.swift */,
				F7C8CD7F2A0800C600A8575D /* CommentCell.xib */,
			);
			path = CommentCell;
			sourceTree = "<group>";
		};
		F7C8CD862A082AF500A8575D /* User Authentication */ = {
			isa = PBXGroup;
			children = (
				F77BB66629E034F600427FAC /* SignInViewController.swift */,
				F77BB66F29E0473B00427FAC /* ForgotPasswordViewController.swift */,
				F7C3624C29E994330066E40D /* NewPasswordViewController.swift */,
				F77BB66829E03EEA00427FAC /* SignUpViewController.swift */,
				F77BB66D29E045E600427FAC /* VerifyEmailViewController.swift */,
				F73B65BF29E883CF001893FD /* ConfirmCodeViewController.swift */,
			);
			path = "User Authentication";
			sourceTree = "<group>";
		};
		F7C8E20B2A1A5912007BBA60 /* ProfileSectionsCell */ = {
			isa = PBXGroup;
			children = (
				F7C8E20D2A1A593A007BBA60 /* ProfileSectionsCell.swift */,
				F7C8E20E2A1A593A007BBA60 /* ProfileSectionsCell.xib */,
			);
			path = ProfileSectionsCell;
			sourceTree = "<group>";
		};
		F7DC1AB829E2E35C0065D724 /* ProfileProductCell */ = {
			isa = PBXGroup;
			children = (
				F7DC1AB929E2E3790065D724 /* ProfileProductCell.swift */,
				F7DC1ABA29E2E3790065D724 /* ProfileProductCell.xib */,
			);
			path = ProfileProductCell;
			sourceTree = "<group>";
		};
		F7E0EBEB2A0A71C000A7B04A /* RoutineStepCell */ = {
			isa = PBXGroup;
			children = (
				F7E0EBEC2A0A71D400A7B04A /* RoutineStepCell.swift */,
				F7E0EBED2A0A71D400A7B04A /* RoutineStepCell.xib */,
			);
			path = RoutineStepCell;
			sourceTree = "<group>";
		};
		F7E4B7AF2A03D3D600749299 /* Network */ = {
			isa = PBXGroup;
			children = (
				F7E4B7B02A03D3EA00749299 /* NetworkService.swift */,
			);
			path = Network;
			sourceTree = "<group>";
		};
		F7E4B7B22A046B4C00749299 /* Manager */ = {
			isa = PBXGroup;
			children = (
				F7E4B7B32A046B5A00749299 /* GlobalDataManager.swift */,
			);
			path = Manager;
			sourceTree = "<group>";
		};
/* End PBXGroup section */

/* Begin PBXNativeTarget section */
		F77BB64B29E0347E00427FAC /* Lunaris */ = {
			isa = PBXNativeTarget;
			buildConfigurationList = F77BB66029E0347F00427FAC /* Build configuration list for PBXNativeTarget "Lunaris" */;
			buildPhases = (
				F77BB64829E0347E00427FAC /* Sources */,
				F77BB64929E0347E00427FAC /* Frameworks */,
				F77BB64A29E0347E00427FAC /* Resources */,
			);
			buildRules = (
			);
			dependencies = (
			);
			name = Lunaris;
			packageProductDependencies = (
				F7AEBE6D29E4919C001101C9 /* Alamofire */,
				F7D5045929E9D71000019429 /* FSCalendar */,
				F754C2B129FED4E600D6ABA7 /* Kingfisher */,
			);
			productName = Lunaris;
			productReference = F77BB64C29E0347E00427FAC /* Lunaris.app */;
			productType = "com.apple.product-type.application";
		};
/* End PBXNativeTarget section */

/* Begin PBXProject section */
		F77BB64429E0347E00427FAC /* Project object */ = {
			isa = PBXProject;
			attributes = {
				BuildIndependentTargetsInParallel = 1;
				LastSwiftUpdateCheck = 1420;
				LastUpgradeCheck = 1420;
				TargetAttributes = {
					F77BB64B29E0347E00427FAC = {
						CreatedOnToolsVersion = 14.2;
					};
				};
			};
			buildConfigurationList = F77BB64729E0347E00427FAC /* Build configuration list for PBXProject "Lunaris" */;
			compatibilityVersion = "Xcode 14.0";
			developmentRegion = en;
			hasScannedForEncodings = 0;
			knownRegions = (
				en,
				Base,
			);
			mainGroup = F77BB64329E0347E00427FAC;
			packageReferences = (
				F7AEBE6C29E4919C001101C9 /* XCRemoteSwiftPackageReference "Alamofire" */,
				F7D5045829E9D71000019429 /* XCRemoteSwiftPackageReference "FSCalendar" */,
				F754C2B029FED4E600D6ABA7 /* XCRemoteSwiftPackageReference "Kingfisher" */,
			);
			productRefGroup = F77BB64D29E0347E00427FAC /* Products */;
			projectDirPath = "";
			projectRoot = "";
			targets = (
				F77BB64B29E0347E00427FAC /* Lunaris */,
			);
		};
/* End PBXProject section */

/* Begin PBXResourcesBuildPhase section */
		F77BB64A29E0347E00427FAC /* Resources */ = {
			isa = PBXResourcesBuildPhase;
			buildActionMask = 2147483647;
			files = (
				F7DC1ABC29E2E3790065D724 /* ProfileProductCell.xib in Resources */,
				F7C8E2102A1A593A007BBA60 /* ProfileSectionsCell.xib in Resources */,
				F70CC4F62A0C3DF70081528D /* SelectStepCell.xib in Resources */,
				F7328AB92A17DB5500C306EE /* StepProductCell.xib in Resources */,
				F77BB65C29E0347F00427FAC /* LaunchScreen.storyboard in Resources */,
				F724C6CC29E085DC0095EA5F /* ProductCell.xib in Resources */,
				F7E0EBEF2A0A71D400A7B04A /* RoutineStepCell.xib in Resources */,
				F7C8CD812A0800C600A8575D /* CommentCell.xib in Resources */,
				F77BB65929E0347F00427FAC /* Assets.xcassets in Resources */,
				F7C8CD7C2A07C94000A8575D /* ReviewsCell.xib in Resources */,
				F77BB65729E0347E00427FAC /* Main.storyboard in Resources */,
				F733295029EB1C6200B66829 /* PageTitleCell.xib in Resources */,
			);
			runOnlyForDeploymentPostprocessing = 0;
		};
/* End PBXResourcesBuildPhase section */

/* Begin PBXSourcesBuildPhase section */
		F77BB64829E0347E00427FAC /* Sources */ = {
			isa = PBXSourcesBuildPhase;
			buildActionMask = 2147483647;
			files = (
				F70CC4F52A0C3DF70081528D /* SelectStepCell.swift in Sources */,
				F7E4B7B42A046B5A00749299 /* GlobalDataManager.swift in Sources */,
				F7DC1ABE29E421650065D724 /* EditProfileViewController.swift in Sources */,
				F77BB67029E0473B00427FAC /* ForgotPasswordViewController.swift in Sources */,
				F7C8CD832A08048D00A8575D /* UserCommentsViewController.swift in Sources */,
				F7E4B7B12A03D3EA00749299 /* NetworkService.swift in Sources */,
				F724C6CB29E085DC0095EA5F /* ProductCell.swift in Sources */,
				F7E0EBEE2A0A71D400A7B04A /* RoutineStepCell.swift in Sources */,
				F7B94AD32A0D05450021641D /* ReviewListResponse.swift in Sources */,
				F7DC1AC029E455910065D724 /* DailyRoutineViewController.swift in Sources */,
				F7C8E20F2A1A593A007BBA60 /* ProfileSectionsCell.swift in Sources */,
				F734698429E07BC100360618 /* ShelfPageViewController.swift in Sources */,
				F77BB66729E034F600427FAC /* SignInViewController.swift in Sources */,
				F77BB65429E0347E00427FAC /* ViewController.swift in Sources */,
				F734698229E06EFA00360618 /* SearchPageViewController.swift in Sources */,
				F724C6CE29E1B1D20095EA5F /* ProfileViewController.swift in Sources */,
				F7C8CD852A082AE900A8575D /* AddCommentViewController.swift in Sources */,
				F77BB65029E0347E00427FAC /* AppDelegate.swift in Sources */,
				F7BD20DB29FDCAD5002C4F12 /* UserResponse.swift in Sources */,
				F7C8CD802A0800C600A8575D /* CommentCell.swift in Sources */,
				F77BB65229E0347E00427FAC /* SceneDelegate.swift in Sources */,
				F7DC1ABB29E2E3790065D724 /* ProfileProductCell.swift in Sources */,
				F70CC4F82A0C413F0081528D /* SelectStepViewController.swift in Sources */,
				F73B65C029E883CF001893FD /* ConfirmCodeViewController.swift in Sources */,
				F7328ABC2A17DC0900C306EE /* StepProductViewController.swift in Sources */,
				F7C8CD7B2A07C94000A8575D /* ReviewsCell.swift in Sources */,
				F7C8E20A2A1A5397007BBA60 /* UserProfileViewController.swift in Sources */,
				F733294F29EB1C6200B66829 /* PageTitleCell.swift in Sources */,
				F7328AB82A17DB5500C306EE /* StepProductCell.swift in Sources */,
				F7C3624D29E994330066E40D /* NewPasswordViewController.swift in Sources */,
				F77BB66E29E045E600427FAC /* VerifyEmailViewController.swift in Sources */,
				F7CF17A32A0308C900AE7C46 /* ProductDetailResponse.swift in Sources */,
				F77BB66929E03EEA00427FAC /* SignUpViewController.swift in Sources */,
				F7A92E9029FF03980062D153 /* ProductViewController.swift in Sources */,
				F7CF17A12A01206900AE7C46 /* UserDetailResponse.swift in Sources */,
				F7B2D4D32A09450D00419A74 /* AddCommentResponse.swift in Sources */,
				F7055B0729F800A80027FF07 /* RoutinesViewController.swift in Sources */,
			);
			runOnlyForDeploymentPostprocessing = 0;
		};
/* End PBXSourcesBuildPhase section */

/* Begin PBXVariantGroup section */
		F77BB65529E0347E00427FAC /* Main.storyboard */ = {
			isa = PBXVariantGroup;
			children = (
				F77BB65629E0347E00427FAC /* Base */,
			);
			name = Main.storyboard;
			sourceTree = "<group>";
		};
		F77BB65A29E0347F00427FAC /* LaunchScreen.storyboard */ = {
			isa = PBXVariantGroup;
			children = (
				F77BB65B29E0347F00427FAC /* Base */,
			);
			name = LaunchScreen.storyboard;
			sourceTree = "<group>";
		};
/* End PBXVariantGroup section */

/* Begin XCBuildConfiguration section */
		F77BB65E29E0347F00427FAC /* Debug */ = {
			isa = XCBuildConfiguration;
			buildSettings = {
				ALWAYS_SEARCH_USER_PATHS = NO;
				CLANG_ANALYZER_NONNULL = YES;
				CLANG_ANALYZER_NUMBER_OBJECT_CONVERSION = YES_AGGRESSIVE;
				CLANG_CXX_LANGUAGE_STANDARD = "gnu++20";
				CLANG_ENABLE_MODULES = YES;
				CLANG_ENABLE_OBJC_ARC = YES;
				CLANG_ENABLE_OBJC_WEAK = YES;
				CLANG_WARN_BLOCK_CAPTURE_AUTORELEASING = YES;
				CLANG_WARN_BOOL_CONVERSION = YES;
				CLANG_WARN_COMMA = YES;
				CLANG_WARN_CONSTANT_CONVERSION = YES;
				CLANG_WARN_DEPRECATED_OBJC_IMPLEMENTATIONS = YES;
				CLANG_WARN_DIRECT_OBJC_ISA_USAGE = YES_ERROR;
				CLANG_WARN_DOCUMENTATION_COMMENTS = YES;
				CLANG_WARN_EMPTY_BODY = YES;
				CLANG_WARN_ENUM_CONVERSION = YES;
				CLANG_WARN_INFINITE_RECURSION = YES;
				CLANG_WARN_INT_CONVERSION = YES;
				CLANG_WARN_NON_LITERAL_NULL_CONVERSION = YES;
				CLANG_WARN_OBJC_IMPLICIT_RETAIN_SELF = YES;
				CLANG_WARN_OBJC_LITERAL_CONVERSION = YES;
				CLANG_WARN_OBJC_ROOT_CLASS = YES_ERROR;
				CLANG_WARN_QUOTED_INCLUDE_IN_FRAMEWORK_HEADER = YES;
				CLANG_WARN_RANGE_LOOP_ANALYSIS = YES;
				CLANG_WARN_STRICT_PROTOTYPES = YES;
				CLANG_WARN_SUSPICIOUS_MOVE = YES;
				CLANG_WARN_UNGUARDED_AVAILABILITY = YES_AGGRESSIVE;
				CLANG_WARN_UNREACHABLE_CODE = YES;
				CLANG_WARN__DUPLICATE_METHOD_MATCH = YES;
				COPY_PHASE_STRIP = NO;
				DEBUG_INFORMATION_FORMAT = dwarf;
				ENABLE_STRICT_OBJC_MSGSEND = YES;
				ENABLE_TESTABILITY = YES;
				GCC_C_LANGUAGE_STANDARD = gnu11;
				GCC_DYNAMIC_NO_PIC = NO;
				GCC_NO_COMMON_BLOCKS = YES;
				GCC_OPTIMIZATION_LEVEL = 0;
				GCC_PREPROCESSOR_DEFINITIONS = (
					"DEBUG=1",
					"$(inherited)",
				);
				GCC_WARN_64_TO_32_BIT_CONVERSION = YES;
				GCC_WARN_ABOUT_RETURN_TYPE = YES_ERROR;
				GCC_WARN_UNDECLARED_SELECTOR = YES;
				GCC_WARN_UNINITIALIZED_AUTOS = YES_AGGRESSIVE;
				GCC_WARN_UNUSED_FUNCTION = YES;
				GCC_WARN_UNUSED_VARIABLE = YES;
				IPHONEOS_DEPLOYMENT_TARGET = 16.2;
				MTL_ENABLE_DEBUG_INFO = INCLUDE_SOURCE;
				MTL_FAST_MATH = YES;
				ONLY_ACTIVE_ARCH = YES;
				SDKROOT = iphoneos;
				SWIFT_ACTIVE_COMPILATION_CONDITIONS = DEBUG;
				SWIFT_OPTIMIZATION_LEVEL = "-Onone";
			};
			name = Debug;
		};
		F77BB65F29E0347F00427FAC /* Release */ = {
			isa = XCBuildConfiguration;
			buildSettings = {
				ALWAYS_SEARCH_USER_PATHS = NO;
				CLANG_ANALYZER_NONNULL = YES;
				CLANG_ANALYZER_NUMBER_OBJECT_CONVERSION = YES_AGGRESSIVE;
				CLANG_CXX_LANGUAGE_STANDARD = "gnu++20";
				CLANG_ENABLE_MODULES = YES;
				CLANG_ENABLE_OBJC_ARC = YES;
				CLANG_ENABLE_OBJC_WEAK = YES;
				CLANG_WARN_BLOCK_CAPTURE_AUTORELEASING = YES;
				CLANG_WARN_BOOL_CONVERSION = YES;
				CLANG_WARN_COMMA = YES;
				CLANG_WARN_CONSTANT_CONVERSION = YES;
				CLANG_WARN_DEPRECATED_OBJC_IMPLEMENTATIONS = YES;
				CLANG_WARN_DIRECT_OBJC_ISA_USAGE = YES_ERROR;
				CLANG_WARN_DOCUMENTATION_COMMENTS = YES;
				CLANG_WARN_EMPTY_BODY = YES;
				CLANG_WARN_ENUM_CONVERSION = YES;
				CLANG_WARN_INFINITE_RECURSION = YES;
				CLANG_WARN_INT_CONVERSION = YES;
				CLANG_WARN_NON_LITERAL_NULL_CONVERSION = YES;
				CLANG_WARN_OBJC_IMPLICIT_RETAIN_SELF = YES;
				CLANG_WARN_OBJC_LITERAL_CONVERSION = YES;
				CLANG_WARN_OBJC_ROOT_CLASS = YES_ERROR;
				CLANG_WARN_QUOTED_INCLUDE_IN_FRAMEWORK_HEADER = YES;
				CLANG_WARN_RANGE_LOOP_ANALYSIS = YES;
				CLANG_WARN_STRICT_PROTOTYPES = YES;
				CLANG_WARN_SUSPICIOUS_MOVE = YES;
				CLANG_WARN_UNGUARDED_AVAILABILITY = YES_AGGRESSIVE;
				CLANG_WARN_UNREACHABLE_CODE = YES;
				CLANG_WARN__DUPLICATE_METHOD_MATCH = YES;
				COPY_PHASE_STRIP = NO;
				DEBUG_INFORMATION_FORMAT = "dwarf-with-dsym";
				ENABLE_NS_ASSERTIONS = NO;
				ENABLE_STRICT_OBJC_MSGSEND = YES;
				GCC_C_LANGUAGE_STANDARD = gnu11;
				GCC_NO_COMMON_BLOCKS = YES;
				GCC_WARN_64_TO_32_BIT_CONVERSION = YES;
				GCC_WARN_ABOUT_RETURN_TYPE = YES_ERROR;
				GCC_WARN_UNDECLARED_SELECTOR = YES;
				GCC_WARN_UNINITIALIZED_AUTOS = YES_AGGRESSIVE;
				GCC_WARN_UNUSED_FUNCTION = YES;
				GCC_WARN_UNUSED_VARIABLE = YES;
				IPHONEOS_DEPLOYMENT_TARGET = 16.2;
				MTL_ENABLE_DEBUG_INFO = NO;
				MTL_FAST_MATH = YES;
				SDKROOT = iphoneos;
				SWIFT_COMPILATION_MODE = wholemodule;
				SWIFT_OPTIMIZATION_LEVEL = "-O";
				VALIDATE_PRODUCT = YES;
			};
			name = Release;
		};
		F77BB66129E0347F00427FAC /* Debug */ = {
			isa = XCBuildConfiguration;
			buildSettings = {
				ASSETCATALOG_COMPILER_APPICON_NAME = AppIcon;
				ASSETCATALOG_COMPILER_GLOBAL_ACCENT_COLOR_NAME = AccentColor;
				CODE_SIGN_STYLE = Automatic;
				CURRENT_PROJECT_VERSION = 1;
				DEVELOPMENT_TEAM = RP8Z4C64KJ;
				GENERATE_INFOPLIST_FILE = YES;
				INFOPLIST_FILE = Lunaris/Info.plist;
				INFOPLIST_KEY_UIApplicationSupportsIndirectInputEvents = YES;
				INFOPLIST_KEY_UILaunchStoryboardName = LaunchScreen;
				INFOPLIST_KEY_UIMainStoryboardFile = Main;
				INFOPLIST_KEY_UISupportedInterfaceOrientations_iPad = "UIInterfaceOrientationPortrait UIInterfaceOrientationPortraitUpsideDown UIInterfaceOrientationLandscapeLeft UIInterfaceOrientationLandscapeRight";
				INFOPLIST_KEY_UISupportedInterfaceOrientations_iPhone = "UIInterfaceOrientationPortrait UIInterfaceOrientationLandscapeLeft UIInterfaceOrientationLandscapeRight";
				LD_RUNPATH_SEARCH_PATHS = (
					"$(inherited)",
					"@executable_path/Frameworks",
				);
				MARKETING_VERSION = 1.0;
				PRODUCT_BUNDLE_IDENTIFIER = com.elifay.Lunaris;
				PRODUCT_NAME = "$(TARGET_NAME)";
				SWIFT_EMIT_LOC_STRINGS = YES;
				SWIFT_VERSION = 5.0;
				TARGETED_DEVICE_FAMILY = "1,2";
			};
			name = Debug;
		};
		F77BB66229E0347F00427FAC /* Release */ = {
			isa = XCBuildConfiguration;
			buildSettings = {
				ASSETCATALOG_COMPILER_APPICON_NAME = AppIcon;
				ASSETCATALOG_COMPILER_GLOBAL_ACCENT_COLOR_NAME = AccentColor;
				CODE_SIGN_STYLE = Automatic;
				CURRENT_PROJECT_VERSION = 1;
				DEVELOPMENT_TEAM = RP8Z4C64KJ;
				GENERATE_INFOPLIST_FILE = YES;
				INFOPLIST_FILE = Lunaris/Info.plist;
				INFOPLIST_KEY_UIApplicationSupportsIndirectInputEvents = YES;
				INFOPLIST_KEY_UILaunchStoryboardName = LaunchScreen;
				INFOPLIST_KEY_UIMainStoryboardFile = Main;
				INFOPLIST_KEY_UISupportedInterfaceOrientations_iPad = "UIInterfaceOrientationPortrait UIInterfaceOrientationPortraitUpsideDown UIInterfaceOrientationLandscapeLeft UIInterfaceOrientationLandscapeRight";
				INFOPLIST_KEY_UISupportedInterfaceOrientations_iPhone = "UIInterfaceOrientationPortrait UIInterfaceOrientationLandscapeLeft UIInterfaceOrientationLandscapeRight";
				LD_RUNPATH_SEARCH_PATHS = (
					"$(inherited)",
					"@executable_path/Frameworks",
				);
				MARKETING_VERSION = 1.0;
				PRODUCT_BUNDLE_IDENTIFIER = com.elifay.Lunaris;
				PRODUCT_NAME = "$(TARGET_NAME)";
				SWIFT_EMIT_LOC_STRINGS = YES;
				SWIFT_VERSION = 5.0;
				TARGETED_DEVICE_FAMILY = "1,2";
			};
			name = Release;
		};
/* End XCBuildConfiguration section */

/* Begin XCConfigurationList section */
		F77BB64729E0347E00427FAC /* Build configuration list for PBXProject "Lunaris" */ = {
			isa = XCConfigurationList;
			buildConfigurations = (
				F77BB65E29E0347F00427FAC /* Debug */,
				F77BB65F29E0347F00427FAC /* Release */,
			);
			defaultConfigurationIsVisible = 0;
			defaultConfigurationName = Release;
		};
		F77BB66029E0347F00427FAC /* Build configuration list for PBXNativeTarget "Lunaris" */ = {
			isa = XCConfigurationList;
			buildConfigurations = (
				F77BB66129E0347F00427FAC /* Debug */,
				F77BB66229E0347F00427FAC /* Release */,
			);
			defaultConfigurationIsVisible = 0;
			defaultConfigurationName = Release;
		};
/* End XCConfigurationList section */

/* Begin XCRemoteSwiftPackageReference section */
		F754C2B029FED4E600D6ABA7 /* XCRemoteSwiftPackageReference "Kingfisher" */ = {
			isa = XCRemoteSwiftPackageReference;
			repositoryURL = "https://github.com/onevcat/Kingfisher.git";
			requirement = {
				branch = master;
				kind = branch;
			};
		};
		F7AEBE6C29E4919C001101C9 /* XCRemoteSwiftPackageReference "Alamofire" */ = {
			isa = XCRemoteSwiftPackageReference;
			repositoryURL = "https://github.com/Alamofire/Alamofire";
			requirement = {
				branch = master;
				kind = branch;
			};
		};
		F7D5045829E9D71000019429 /* XCRemoteSwiftPackageReference "FSCalendar" */ = {
			isa = XCRemoteSwiftPackageReference;
			repositoryURL = "https://github.com/WenchaoD/FSCalendar.git";
			requirement = {
				kind = upToNextMajorVersion;
				minimumVersion = 2.0.0;
			};
		};
/* End XCRemoteSwiftPackageReference section */

/* Begin XCSwiftPackageProductDependency section */
		F754C2B129FED4E600D6ABA7 /* Kingfisher */ = {
			isa = XCSwiftPackageProductDependency;
			package = F754C2B029FED4E600D6ABA7 /* XCRemoteSwiftPackageReference "Kingfisher" */;
			productName = Kingfisher;
		};
		F7AEBE6D29E4919C001101C9 /* Alamofire */ = {
			isa = XCSwiftPackageProductDependency;
			package = F7AEBE6C29E4919C001101C9 /* XCRemoteSwiftPackageReference "Alamofire" */;
			productName = Alamofire;
		};
		F7D5045929E9D71000019429 /* FSCalendar */ = {
			isa = XCSwiftPackageProductDependency;
			package = F7D5045829E9D71000019429 /* XCRemoteSwiftPackageReference "FSCalendar" */;
			productName = FSCalendar;
		};
/* End XCSwiftPackageProductDependency section */
	};
	rootObject = F77BB64429E0347E00427FAC /* Project object */;
}
